// !$*UTF8*$!
{
	archiveVersion = 1;
	classes = {
	};
	objectVersion = 46;
	objects = {

/* Begin PBXBuildFile section */
		AA13C5FF14A97F13003E6B22 /* libopencv_ml.2.3.1.dylib in Frameworks */ = {isa = PBXBuildFile; fileRef = AA72CCC614A316F800E2CA52 /* libopencv_ml.2.3.1.dylib */; };
		AA13C60014A97FD3003E6B22 /* libopencv_imgproc.2.3.1.dylib in Frameworks */ = {isa = PBXBuildFile; fileRef = AA13C5EF14A97CD9003E6B22 /* libopencv_imgproc.2.3.1.dylib */; };
		AA72CCBB14A2FDB400E2CA52 /* main.cpp in Sources */ = {isa = PBXBuildFile; fileRef = AA72CCBA14A2FDB400E2CA52 /* main.cpp */; };
		AA72CCBD14A2FDB400E2CA52 /* OpenCV.1 in CopyFiles */ = {isa = PBXBuildFile; fileRef = AA72CCBC14A2FDB400E2CA52 /* OpenCV.1 */; };
		AA72CCC714A316F800E2CA52 /* libopencv_core.2.3.1.dylib in Frameworks */ = {isa = PBXBuildFile; fileRef = AA72CCC414A316F800E2CA52 /* libopencv_core.2.3.1.dylib */; };
		AA72CCC814A316F800E2CA52 /* libopencv_highgui.2.3.1.dylib in Frameworks */ = {isa = PBXBuildFile; fileRef = AA72CCC514A316F800E2CA52 /* libopencv_highgui.2.3.1.dylib */; };
		AA8975D614A9C511001ACCCF /* libopencv_objdetect.2.3.1.dylib in Frameworks */ = {isa = PBXBuildFile; fileRef = AA13C5F114A97CD9003E6B22 /* libopencv_objdetect.2.3.1.dylib */; };
		AAA7632B14AAAB9C00099C60 /* libopencv_video.2.3.1.dylib in Frameworks */ = {isa = PBXBuildFile; fileRef = AA13C5F314A97CD9003E6B22 /* libopencv_video.2.3.1.dylib */; };
/* End PBXBuildFile section */

/* Begin PBXCopyFilesBuildPhase section */
		AA72CCB414A2FDB400E2CA52 /* CopyFiles */ = {
			isa = PBXCopyFilesBuildPhase;
			buildActionMask = 2147483647;
			dstPath = /usr/share/man/man1/;
			dstSubfolderSpec = 0;
			files = (
				AA72CCBD14A2FDB400E2CA52 /* OpenCV.1 in CopyFiles */,
			);
			runOnlyForDeploymentPostprocessing = 1;
		};
/* End PBXCopyFilesBuildPhase section */

/* Begin PBXFileReference section */
		AA13C5EA14A97CD9003E6B22 /* libopencv_calib3d.2.3.1.dylib */ = {isa = PBXFileReference; lastKnownFileType = "compiled.mach-o.dylib"; name = libopencv_calib3d.2.3.1.dylib; path = ../../../../opt/local/lib/libopencv_calib3d.2.3.1.dylib; sourceTree = "<group>"; };
		AA13C5EB14A97CD9003E6B22 /* libopencv_contrib.2.3.1.dylib */ = {isa = PBXFileReference; lastKnownFileType = "compiled.mach-o.dylib"; name = libopencv_contrib.2.3.1.dylib; path = ../../../../opt/local/lib/libopencv_contrib.2.3.1.dylib; sourceTree = "<group>"; };
		AA13C5EC14A97CD9003E6B22 /* libopencv_features2d.2.3.1.dylib */ = {isa = PBXFileReference; lastKnownFileType = "compiled.mach-o.dylib"; name = libopencv_features2d.2.3.1.dylib; path = ../../../../opt/local/lib/libopencv_features2d.2.3.1.dylib; sourceTree = "<group>"; };
		AA13C5ED14A97CD9003E6B22 /* libopencv_flann.2.3.1.dylib */ = {isa = PBXFileReference; lastKnownFileType = "compiled.mach-o.dylib"; name = libopencv_flann.2.3.1.dylib; path = ../../../../opt/local/lib/libopencv_flann.2.3.1.dylib; sourceTree = "<group>"; };
		AA13C5EE14A97CD9003E6B22 /* libopencv_gpu.2.3.1.dylib */ = {isa = PBXFileReference; lastKnownFileType = "compiled.mach-o.dylib"; name = libopencv_gpu.2.3.1.dylib; path = ../../../../opt/local/lib/libopencv_gpu.2.3.1.dylib; sourceTree = "<group>"; };
		AA13C5EF14A97CD9003E6B22 /* libopencv_imgproc.2.3.1.dylib */ = {isa = PBXFileReference; lastKnownFileType = "compiled.mach-o.dylib"; name = libopencv_imgproc.2.3.1.dylib; path = ../../../../opt/local/lib/libopencv_imgproc.2.3.1.dylib; sourceTree = "<group>"; };
		AA13C5F014A97CD9003E6B22 /* libopencv_legacy.2.3.1.dylib */ = {isa = PBXFileReference; lastKnownFileType = "compiled.mach-o.dylib"; name = libopencv_legacy.2.3.1.dylib; path = ../../../../opt/local/lib/libopencv_legacy.2.3.1.dylib; sourceTree = "<group>"; };
		AA13C5F114A97CD9003E6B22 /* libopencv_objdetect.2.3.1.dylib */ = {isa = PBXFileReference; lastKnownFileType = "compiled.mach-o.dylib"; name = libopencv_objdetect.2.3.1.dylib; path = ../../../../opt/local/lib/libopencv_objdetect.2.3.1.dylib; sourceTree = "<group>"; };
		AA13C5F214A97CD9003E6B22 /* libopencv_ts.2.3.1.dylib */ = {isa = PBXFileReference; lastKnownFileType = "compiled.mach-o.dylib"; name = libopencv_ts.2.3.1.dylib; path = ../../../../opt/local/lib/libopencv_ts.2.3.1.dylib; sourceTree = "<group>"; };
		AA13C5F314A97CD9003E6B22 /* libopencv_video.2.3.1.dylib */ = {isa = PBXFileReference; lastKnownFileType = "compiled.mach-o.dylib"; name = libopencv_video.2.3.1.dylib; path = ../../../../opt/local/lib/libopencv_video.2.3.1.dylib; sourceTree = "<group>"; };
		AA301DD514A9C23900D1D398 /* haarcascade_frontalface_alt.xml */ = {isa = PBXFileReference; fileEncoding = 4; lastKnownFileType = text.xml; name = haarcascade_frontalface_alt.xml; path = ../../Downloads/haarcascade_frontalface_alt.xml; sourceTree = "<group>"; };
		AA3A4FB214B558000018CBBE /* trollface.png */ = {isa = PBXFileReference; lastKnownFileType = image.png; path = trollface.png; sourceTree = "<group>"; };
		AA54617514A629F300521F86 /* megusta.png */ = {isa = PBXFileReference; lastKnownFileType = image.png; name = megusta.png; path = ../../Desktop/megusta.png; sourceTree = "<group>"; };
		AA72CCB614A2FDB400E2CA52 /* OpenCV */ = {isa = PBXFileReference; explicitFileType = "compiled.mach-o.executable"; includeInIndex = 0; path = OpenCV; sourceTree = BUILT_PRODUCTS_DIR; };
		AA72CCBA14A2FDB400E2CA52 /* main.cpp */ = {isa = PBXFileReference; lastKnownFileType = sourcecode.cpp.cpp; path = main.cpp; sourceTree = "<group>"; };
		AA72CCBC14A2FDB400E2CA52 /* OpenCV.1 */ = {isa = PBXFileReference; lastKnownFileType = text.man; path = OpenCV.1; sourceTree = "<group>"; };
		AA72CCC414A316F800E2CA52 /* libopencv_core.2.3.1.dylib */ = {isa = PBXFileReference; lastKnownFileType = "compiled.mach-o.dylib"; name = libopencv_core.2.3.1.dylib; path = ../../../../opt/local/lib/libopencv_core.2.3.1.dylib; sourceTree = "<group>"; };
		AA72CCC514A316F800E2CA52 /* libopencv_highgui.2.3.1.dylib */ = {isa = PBXFileReference; lastKnownFileType = "compiled.mach-o.dylib"; name = libopencv_highgui.2.3.1.dylib; path = ../../../../opt/local/lib/libopencv_highgui.2.3.1.dylib; sourceTree = "<group>"; };
		AA72CCC614A316F800E2CA52 /* libopencv_ml.2.3.1.dylib */ = {isa = PBXFileReference; lastKnownFileType = "compiled.mach-o.dylib"; name = libopencv_ml.2.3.1.dylib; path = ../../../../opt/local/lib/libopencv_ml.2.3.1.dylib; sourceTree = "<group>"; };
/* End PBXFileReference section */

/* Begin PBXFrameworksBuildPhase section */
		AA72CCB314A2FDB400E2CA52 /* Frameworks */ = {
			isa = PBXFrameworksBuildPhase;
			buildActionMask = 2147483647;
			files = (
				AAA7632B14AAAB9C00099C60 /* libopencv_video.2.3.1.dylib in Frameworks */,
				AA8975D614A9C511001ACCCF /* libopencv_objdetect.2.3.1.dylib in Frameworks */,
				AA13C60014A97FD3003E6B22 /* libopencv_imgproc.2.3.1.dylib in Frameworks */,
				AA13C5FF14A97F13003E6B22 /* libopencv_ml.2.3.1.dylib in Frameworks */,
				AA72CCC714A316F800E2CA52 /* libopencv_core.2.3.1.dylib in Frameworks */,
				AA72CCC814A316F800E2CA52 /* libopencv_highgui.2.3.1.dylib in Frameworks */,
			);
			runOnlyForDeploymentPostprocessing = 0;
		};
/* End PBXFrameworksBuildPhase section */

/* Begin PBXGroup section */
		AA72CCAB14A2FDB300E2CA52 = {
			isa = PBXGroup;
			children = (
				AA13C5EA14A97CD9003E6B22 /* libopencv_calib3d.2.3.1.dylib */,
				AA13C5EB14A97CD9003E6B22 /* libopencv_contrib.2.3.1.dylib */,
				AA13C5EC14A97CD9003E6B22 /* libopencv_features2d.2.3.1.dylib */,
				AA13C5ED14A97CD9003E6B22 /* libopencv_flann.2.3.1.dylib */,
				AA13C5EE14A97CD9003E6B22 /* libopencv_gpu.2.3.1.dylib */,
				AA13C5EF14A97CD9003E6B22 /* libopencv_imgproc.2.3.1.dylib */,
				AA13C5F014A97CD9003E6B22 /* libopencv_legacy.2.3.1.dylib */,
				AA13C5F114A97CD9003E6B22 /* libopencv_objdetect.2.3.1.dylib */,
				AA13C5F214A97CD9003E6B22 /* libopencv_ts.2.3.1.dylib */,
				AA13C5F314A97CD9003E6B22 /* libopencv_video.2.3.1.dylib */,
				AA301DD514A9C23900D1D398 /* haarcascade_frontalface_alt.xml */,
				AA54617514A629F300521F86 /* megusta.png */,
				AA72CCC314A3165100E2CA52 /* OpenCV-Frameworks */,
				AA72CCB914A2FDB400E2CA52 /* OpenCV */,
				AA72CCB714A2FDB400E2CA52 /* Products */,
			);
			sourceTree = "<group>";
		};
		AA72CCB714A2FDB400E2CA52 /* Products */ = {
			isa = PBXGroup;
			children = (
				AA72CCB614A2FDB400E2CA52 /* OpenCV */,
			);
			name = Products;
			sourceTree = "<group>";
		};
		AA72CCB914A2FDB400E2CA52 /* OpenCV */ = {
			isa = PBXGroup;
			children = (
				AA72CCBA14A2FDB400E2CA52 /* main.cpp */,
				AA3A4FB214B558000018CBBE /* trollface.png */,
				AA72CCBC14A2FDB400E2CA52 /* OpenCV.1 */,
			);
			path = OpenCV;
			sourceTree = "<group>";
		};
		AA72CCC314A3165100E2CA52 /* OpenCV-Frameworks */ = {
			isa = PBXGroup;
			children = (
				AA72CCC414A316F800E2CA52 /* libopencv_core.2.3.1.dylib */,
				AA72CCC514A316F800E2CA52 /* libopencv_highgui.2.3.1.dylib */,
				AA72CCC614A316F800E2CA52 /* libopencv_ml.2.3.1.dylib */,
			);
			name = "OpenCV-Frameworks";
			sourceTree = "<group>";
		};
/* End PBXGroup section */

/* Begin PBXNativeTarget section */
		AA72CCB514A2FDB400E2CA52 /* OpenCV */ = {
			isa = PBXNativeTarget;
			buildConfigurationList = AA72CCC014A2FDB400E2CA52 /* Build configuration list for PBXNativeTarget "OpenCV" */;
			buildPhases = (
				AA72CCB214A2FDB400E2CA52 /* Sources */,
				AA72CCB314A2FDB400E2CA52 /* Frameworks */,
				AA72CCB414A2FDB400E2CA52 /* CopyFiles */,
			);
			buildRules = (
			);
			dependencies = (
			);
			name = OpenCV;
			productName = OpenCV;
			productReference = AA72CCB614A2FDB400E2CA52 /* OpenCV */;
			productType = "com.apple.product-type.tool";
		};
/* End PBXNativeTarget section */

/* Begin PBXProject section */
		AA72CCAD14A2FDB300E2CA52 /* Project object */ = {
			isa = PBXProject;
			attributes = {
				LastUpgradeCheck = 0420;
			};
			buildConfigurationList = AA72CCB014A2FDB300E2CA52 /* Build configuration list for PBXProject "OpenCV" */;
			compatibilityVersion = "Xcode 3.2";
			developmentRegion = English;
			hasScannedForEncodings = 0;
			knownRegions = (
				en,
			);
			mainGroup = AA72CCAB14A2FDB300E2CA52;
			productRefGroup = AA72CCB714A2FDB400E2CA52 /* Products */;
			projectDirPath = "";
			projectRoot = "";
			targets = (
				AA72CCB514A2FDB400E2CA52 /* OpenCV */,
			);
		};
/* End PBXProject section */

/* Begin PBXSourcesBuildPhase section */
		AA72CCB214A2FDB400E2CA52 /* Sources */ = {
			isa = PBXSourcesBuildPhase;
			buildActionMask = 2147483647;
			files = (
				AA72CCBB14A2FDB400E2CA52 /* main.cpp in Sources */,
			);
			runOnlyForDeploymentPostprocessing = 0;
		};
/* End PBXSourcesBuildPhase section */

/* Begin XCBuildConfiguration section */
		AA72CCBE14A2FDB400E2CA52 /* Debug */ = {
			isa = XCBuildConfiguration;
			buildSettings = {
				ALWAYS_SEARCH_USER_PATHS = NO;
				ARCHS = "$(ARCHS_STANDARD_64_BIT)";
				CLANG_ENABLE_OBJC_ARC = YES;
				COPY_PHASE_STRIP = NO;
				GCC_C_LANGUAGE_STANDARD = gnu99;
				GCC_DYNAMIC_NO_PIC = NO;
				GCC_ENABLE_OBJC_EXCEPTIONS = YES;
				GCC_OPTIMIZATION_LEVEL = 0;
				GCC_PREPROCESSOR_DEFINITIONS = (
					"DEBUG=1",
					"$(inherited)",
				);
				GCC_SYMBOLS_PRIVATE_EXTERN = NO;
				GCC_VERSION = com.apple.compilers.llvm.clang.1_0;
				GCC_WARN_64_TO_32_BIT_CONVERSION = YES;
				GCC_WARN_ABOUT_MISSING_PROTOTYPES = YES;
				GCC_WARN_ABOUT_RETURN_TYPE = YES;
				GCC_WARN_UNUSED_VARIABLE = YES;
				MACOSX_DEPLOYMENT_TARGET = 10.7;
				ONLY_ACTIVE_ARCH = YES;
				SDKROOT = macosx;
			};
			name = Debug;
		};
		AA72CCBF14A2FDB400E2CA52 /* Release */ = {
			isa = XCBuildConfiguration;
			buildSettings = {
				ALWAYS_SEARCH_USER_PATHS = NO;
				ARCHS = "$(ARCHS_STANDARD_64_BIT)";
				CLANG_ENABLE_OBJC_ARC = YES;
				COPY_PHASE_STRIP = YES;
				DEBUG_INFORMATION_FORMAT = "dwarf-with-dsym";
				GCC_C_LANGUAGE_STANDARD = gnu99;
				GCC_ENABLE_OBJC_EXCEPTIONS = YES;
				GCC_VERSION = com.apple.compilers.llvm.clang.1_0;
				GCC_WARN_64_TO_32_BIT_CONVERSION = YES;
				GCC_WARN_ABOUT_MISSING_PROTOTYPES = YES;
				GCC_WARN_ABOUT_RETURN_TYPE = YES;
				GCC_WARN_UNUSED_VARIABLE = YES;
				MACOSX_DEPLOYMENT_TARGET = 10.7;
				SDKROOT = macosx;
			};
			name = Release;
		};
		AA72CCC114A2FDB400E2CA52 /* Debug */ = {
			isa = XCBuildConfiguration;
			buildSettings = {
				HEADER_SEARCH_PATHS = /opt/local/include;
				LIBRARY_SEARCH_PATHS = (
					"$(inherited)",
					/opt/local/lib,
				);
				PRODUCT_NAME = "$(TARGET_NAME)";
			};
			name = Debug;
		};
		AA72CCC214A2FDB400E2CA52 /* Release */ = {
			isa = XCBuildConfiguration;
			buildSettings = {
				HEADER_SEARCH_PATHS = /opt/local/include;
				LIBRARY_SEARCH_PATHS = (
					"$(inherited)",
					/opt/local/lib,
				);
				PRODUCT_NAME = "$(TARGET_NAME)";
			};
			name = Release;
		};
/* End XCBuildConfiguration section */

/* Begin XCConfigurationList section */
		AA72CCB014A2FDB300E2CA52 /* Build configuration list for PBXProject "OpenCV" */ = {
			isa = XCConfigurationList;
			buildConfigurations = (
				AA72CCBE14A2FDB400E2CA52 /* Debug */,
				AA72CCBF14A2FDB400E2CA52 /* Release */,
			);
			defaultConfigurationIsVisible = 0;
			defaultConfigurationName = Release;
		};
		AA72CCC014A2FDB400E2CA52 /* Build configuration list for PBXNativeTarget "OpenCV" */ = {
			isa = XCConfigurationList;
			buildConfigurations = (
				AA72CCC114A2FDB400E2CA52 /* Debug */,
				AA72CCC214A2FDB400E2CA52 /* Release */,
			);
			defaultConfigurationIsVisible = 0;
			defaultConfigurationName = Release;
		};
/* End XCConfigurationList section */
	};
	rootObject = AA72CCAD14A2FDB300E2CA52 /* Project object */;
}
